
Microsoft Visual Studio Solution File, Format Version 12.00
# Visual Studio Version 16
VisualStudioVersion = 16.0.30225.117
MinimumVisualStudioVersion = 10.0.40219.1
Project("{FAE04EC0-301F-11D3-BF4B-00C04F79EFBC}") = "OutputAsJson", "OutputAsJson.csproj", "{78DEF1DC-4762-4018-A591-8B5EBA5020A2}"
EndProject
Global
	GlobalSection(SolutionConfigurationPlatforms) = preSolution
		Debug|Any CPU = Debug|Any CPU
		Release|Any CPU = Release|Any CPU
	EndGlobalSection
	GlobalSection(ProjectConfigurationPlatforms) = postSolution
		{78DEF1DC-4762-4018-A591-8B5EBA5020A2}.Debug|Any CPU.ActiveCfg = Debug|Any CPU
		{78DEF1DC-4762-4018-A591-8B5EBA5020A2}.Debug|Any CPU.Build.0 = Debug|Any CPU
		{78DEF1DC-4762-4018-A591-8B5EBA5020A2}.Release|Any CPU.ActiveCfg = Release|Any CPU
		{78DEF1DC-4762-4018-A591-8B5EBA5020A2}.Release|Any CPU.Build.0 = Release|Any CPU
	EndGlobalSection
	GlobalSection(SolutionProperties) = preSolution
		HideSolutionNode = FALSE
	EndGlobalSection
	GlobalSection(ExtensibilityGlobals) = postSolution
		SolutionGuid = {7F144700-879E-4223-AF43-8A19E3058001}
	EndGlobalSection
EndGlobal
